// !$*UTF8*$!
{
	archiveVersion = 1;
	classes = {
	};
	objectVersion = 56;
	objects = {

/* Begin PBXBuildFile section */
		2801693D2A71A96C009D800E /* LinkKit in Frameworks */ = {isa = PBXBuildFile; productRef = 2801693C2A71A96C009D800E /* LinkKit */; };
		280169482A773606009D800E /* SwizzleStorage in Frameworks */ = {isa = PBXBuildFile; productRef = 280169472A773606009D800E /* SwizzleStorage */; };
		28B2541D2A4E910E00C9C914 /* WealthLeaderboardApp.swift in Sources */ = {isa = PBXBuildFile; fileRef = 28B2541C2A4E910E00C9C914 /* WealthLeaderboardApp.swift */; };
		28B2541F2A4E910E00C9C914 /* ContentView.swift in Sources */ = {isa = PBXBuildFile; fileRef = 28B2541E2A4E910E00C9C914 /* ContentView.swift */; };
		28B254212A4E910F00C9C914 /* Assets.xcassets in Resources */ = {isa = PBXBuildFile; fileRef = 28B254202A4E910F00C9C914 /* Assets.xcassets */; };
		28B254242A4E910F00C9C914 /* Preview Assets.xcassets in Resources */ = {isa = PBXBuildFile; fileRef = 28B254232A4E910F00C9C914 /* Preview Assets.xcassets */; };
		28D7E1B92A533B1200254B84 /* User.swift in Sources */ = {isa = PBXBuildFile; fileRef = 28D7E1B82A533B1200254B84 /* User.swift */; };
		28D7E1BB2A533EB700254B84 /* WLButtonStyle.swift in Sources */ = {isa = PBXBuildFile; fileRef = 28D7E1BA2A533EB700254B84 /* WLButtonStyle.swift */; };
		28D7E1BD2A533EF500254B84 /* Fonts.swift in Sources */ = {isa = PBXBuildFile; fileRef = 28D7E1BC2A533EF500254B84 /* Fonts.swift */; };
		28D7E1C02A533F2D00254B84 /* LabGrotesque-Medium.ttf in Resources */ = {isa = PBXBuildFile; fileRef = 28D7E1BF2A533F2D00254B84 /* LabGrotesque-Medium.ttf */; };
		28D7E1C32A53407700254B84 /* Colors.swift in Sources */ = {isa = PBXBuildFile; fileRef = 28D7E1C22A53407700254B84 /* Colors.swift */; };
		28D7E1C72A5341DA00254B84 /* Selector.swift in Sources */ = {isa = PBXBuildFile; fileRef = 28D7E1C62A5341DA00254B84 /* Selector.swift */; };
		28D7E1C92A5347CB00254B84 /* RankList.swift in Sources */ = {isa = PBXBuildFile; fileRef = 28D7E1C82A5347CB00254B84 /* RankList.swift */; };
		28D7E1CC2A5349F400254B84 /* Kingfisher in Frameworks */ = {isa = PBXBuildFile; productRef = 28D7E1CB2A5349F400254B84 /* Kingfisher */; };
		28D7E1CE2A534C2300254B84 /* satoshi.otf in Resources */ = {isa = PBXBuildFile; fileRef = 28D7E1CD2A534C2300254B84 /* satoshi.otf */; };
		28D7E1D02A5351CC00254B84 /* View+EdgeShadow.swift in Sources */ = {isa = PBXBuildFile; fileRef = 28D7E1CF2A5351CC00254B84 /* View+EdgeShadow.swift */; };
		28D7E1D22A53548900254B84 /* FriendsList.swift in Sources */ = {isa = PBXBuildFile; fileRef = 28D7E1D12A53548900254B84 /* FriendsList.swift */; };
		28D7E1D42A5357FC00254B84 /* ContactStore.swift in Sources */ = {isa = PBXBuildFile; fileRef = 28D7E1D32A5357FC00254B84 /* ContactStore.swift */; };
		28D7E1D62A53590300254B84 /* CardView.swift in Sources */ = {isa = PBXBuildFile; fileRef = 28D7E1D52A53590300254B84 /* CardView.swift */; };
		28D7E1D82A535B4C00254B84 /* PhotoBackground.swift in Sources */ = {isa = PBXBuildFile; fileRef = 28D7E1D72A535B4C00254B84 /* PhotoBackground.swift */; };
		28D7E1DA2A5367F400254B84 /* CornerRadius.swift in Sources */ = {isa = PBXBuildFile; fileRef = 28D7E1D92A5367F400254B84 /* CornerRadius.swift */; };
		28D7E1DC2A536AB100254B84 /* Model.swift in Sources */ = {isa = PBXBuildFile; fileRef = 28D7E1DB2A536AB100254B84 /* Model.swift */; };
		28D7E1DE2A5379E800254B84 /* SeeMoneyView.swift in Sources */ = {isa = PBXBuildFile; fileRef = 28D7E1DD2A5379E800254B84 /* SeeMoneyView.swift */; };
		28D7E1E02A537AD200254B84 /* RowButtonStyle.swift in Sources */ = {isa = PBXBuildFile; fileRef = 28D7E1DF2A537AD200254B84 /* RowButtonStyle.swift */; };
		28D7E1E22A537F0E00254B84 /* IAPHandler.swift in Sources */ = {isa = PBXBuildFile; fileRef = 28D7E1E12A537F0E00254B84 /* IAPHandler.swift */; };
		28D7E1E42A538CD100254B84 /* LoadingView.swift in Sources */ = {isa = PBXBuildFile; fileRef = 28D7E1E32A538CD100254B84 /* LoadingView.swift */; };
		28D7E1E62A538CE300254B84 /* LottieView.swift in Sources */ = {isa = PBXBuildFile; fileRef = 28D7E1E52A538CE300254B84 /* LottieView.swift */; };
		28D7E1E92A538D5900254B84 /* Lottie in Frameworks */ = {isa = PBXBuildFile; productRef = 28D7E1E82A538D5900254B84 /* Lottie */; };
		28D7E1EC2A538D7100254B84 /* loading.json in Resources */ = {isa = PBXBuildFile; fileRef = 28D7E1EB2A538D7100254B84 /* loading.json */; };
		28D7E1EE2A538E2400254B84 /* Int+DollarFormat.swift in Sources */ = {isa = PBXBuildFile; fileRef = 28D7E1ED2A538E2400254B84 /* Int+DollarFormat.swift */; };
/* End PBXBuildFile section */

/* Begin PBXFileReference section */
		28B254192A4E910E00C9C914 /* WealthLeaderboard.app */ = {isa = PBXFileReference; explicitFileType = wrapper.application; includeInIndex = 0; path = WealthLeaderboard.app; sourceTree = BUILT_PRODUCTS_DIR; };
		28B2541C2A4E910E00C9C914 /* WealthLeaderboardApp.swift */ = {isa = PBXFileReference; lastKnownFileType = sourcecode.swift; path = WealthLeaderboardApp.swift; sourceTree = "<group>"; };
		28B2541E2A4E910E00C9C914 /* ContentView.swift */ = {isa = PBXFileReference; lastKnownFileType = sourcecode.swift; path = ContentView.swift; sourceTree = "<group>"; };
		28B254202A4E910F00C9C914 /* Assets.xcassets */ = {isa = PBXFileReference; lastKnownFileType = folder.assetcatalog; path = Assets.xcassets; sourceTree = "<group>"; };
		28B254232A4E910F00C9C914 /* Preview Assets.xcassets */ = {isa = PBXFileReference; lastKnownFileType = folder.assetcatalog; path = "Preview Assets.xcassets"; sourceTree = "<group>"; };
		28D7E1B82A533B1200254B84 /* User.swift */ = {isa = PBXFileReference; lastKnownFileType = sourcecode.swift; path = User.swift; sourceTree = "<group>"; };
		28D7E1BA2A533EB700254B84 /* WLButtonStyle.swift */ = {isa = PBXFileReference; lastKnownFileType = sourcecode.swift; path = WLButtonStyle.swift; sourceTree = "<group>"; };
		28D7E1BC2A533EF500254B84 /* Fonts.swift */ = {isa = PBXFileReference; lastKnownFileType = sourcecode.swift; path = Fonts.swift; sourceTree = "<group>"; };
		28D7E1BF2A533F2D00254B84 /* LabGrotesque-Medium.ttf */ = {isa = PBXFileReference; lastKnownFileType = file; path = "LabGrotesque-Medium.ttf"; sourceTree = "<group>"; };
		28D7E1C12A533F8D00254B84 /* Info.plist */ = {isa = PBXFileReference; lastKnownFileType = text.plist; path = Info.plist; sourceTree = "<group>"; };
		28D7E1C22A53407700254B84 /* Colors.swift */ = {isa = PBXFileReference; lastKnownFileType = sourcecode.swift; path = Colors.swift; sourceTree = "<group>"; };
		28D7E1C62A5341DA00254B84 /* Selector.swift */ = {isa = PBXFileReference; lastKnownFileType = sourcecode.swift; path = Selector.swift; sourceTree = "<group>"; };
		28D7E1C82A5347CB00254B84 /* RankList.swift */ = {isa = PBXFileReference; lastKnownFileType = sourcecode.swift; path = RankList.swift; sourceTree = "<group>"; };
		28D7E1CD2A534C2300254B84 /* satoshi.otf */ = {isa = PBXFileReference; lastKnownFileType = file; path = satoshi.otf; sourceTree = "<group>"; };
		28D7E1CF2A5351CC00254B84 /* View+EdgeShadow.swift */ = {isa = PBXFileReference; lastKnownFileType = sourcecode.swift; path = "View+EdgeShadow.swift"; sourceTree = "<group>"; };
		28D7E1D12A53548900254B84 /* FriendsList.swift */ = {isa = PBXFileReference; lastKnownFileType = sourcecode.swift; path = FriendsList.swift; sourceTree = "<group>"; };
		28D7E1D32A5357FC00254B84 /* ContactStore.swift */ = {isa = PBXFileReference; lastKnownFileType = sourcecode.swift; path = ContactStore.swift; sourceTree = "<group>"; };
		28D7E1D52A53590300254B84 /* CardView.swift */ = {isa = PBXFileReference; lastKnownFileType = sourcecode.swift; path = CardView.swift; sourceTree = "<group>"; };
		28D7E1D72A535B4C00254B84 /* PhotoBackground.swift */ = {isa = PBXFileReference; lastKnownFileType = sourcecode.swift; path = PhotoBackground.swift; sourceTree = "<group>"; };
		28D7E1D92A5367F400254B84 /* CornerRadius.swift */ = {isa = PBXFileReference; lastKnownFileType = sourcecode.swift; path = CornerRadius.swift; sourceTree = "<group>"; };
		28D7E1DB2A536AB100254B84 /* Model.swift */ = {isa = PBXFileReference; lastKnownFileType = sourcecode.swift; path = Model.swift; sourceTree = "<group>"; };
		28D7E1DD2A5379E800254B84 /* SeeMoneyView.swift */ = {isa = PBXFileReference; lastKnownFileType = sourcecode.swift; path = SeeMoneyView.swift; sourceTree = "<group>"; };
		28D7E1DF2A537AD200254B84 /* RowButtonStyle.swift */ = {isa = PBXFileReference; lastKnownFileType = sourcecode.swift; path = RowButtonStyle.swift; sourceTree = "<group>"; };
		28D7E1E12A537F0E00254B84 /* IAPHandler.swift */ = {isa = PBXFileReference; lastKnownFileType = sourcecode.swift; path = IAPHandler.swift; sourceTree = "<group>"; };
		28D7E1E32A538CD100254B84 /* LoadingView.swift */ = {isa = PBXFileReference; lastKnownFileType = sourcecode.swift; path = LoadingView.swift; sourceTree = "<group>"; };
		28D7E1E52A538CE300254B84 /* LottieView.swift */ = {isa = PBXFileReference; lastKnownFileType = sourcecode.swift; path = LottieView.swift; sourceTree = "<group>"; };
		28D7E1EB2A538D7100254B84 /* loading.json */ = {isa = PBXFileReference; fileEncoding = 4; lastKnownFileType = text.json; path = loading.json; sourceTree = "<group>"; };
		28D7E1ED2A538E2400254B84 /* Int+DollarFormat.swift */ = {isa = PBXFileReference; lastKnownFileType = sourcecode.swift; path = "Int+DollarFormat.swift"; sourceTree = "<group>"; };
/* End PBXFileReference section */

/* Begin PBXFrameworksBuildPhase section */
		28B254162A4E910E00C9C914 /* Frameworks */ = {
			isa = PBXFrameworksBuildPhase;
			buildActionMask = 2147483647;
			files = (
				2801693D2A71A96C009D800E /* LinkKit in Frameworks */,
				28D7E1CC2A5349F400254B84 /* Kingfisher in Frameworks */,
				28D7E1E92A538D5900254B84 /* Lottie in Frameworks */,
				280169482A773606009D800E /* SwizzleStorage in Frameworks */,
			);
			runOnlyForDeploymentPostprocessing = 0;
		};
/* End PBXFrameworksBuildPhase section */

/* Begin PBXGroup section */
		28B254102A4E910E00C9C914 = {
			isa = PBXGroup;
			children = (
				28B2541B2A4E910E00C9C914 /* WealthLeaderboard */,
				28B2541A2A4E910E00C9C914 /* Products */,
			);
			sourceTree = "<group>";
		};
		28B2541A2A4E910E00C9C914 /* Products */ = {
			isa = PBXGroup;
			children = (
				28B254192A4E910E00C9C914 /* WealthLeaderboard.app */,
			);
			name = Products;
			sourceTree = "<group>";
		};
		28B2541B2A4E910E00C9C914 /* WealthLeaderboard */ = {
			isa = PBXGroup;
			children = (
				28D7E1C12A533F8D00254B84 /* Info.plist */,
				28B2541C2A4E910E00C9C914 /* WealthLeaderboardApp.swift */,
				28B2541E2A4E910E00C9C914 /* ContentView.swift */,
				28D7E1DF2A537AD200254B84 /* RowButtonStyle.swift */,
				28D7E1DD2A5379E800254B84 /* SeeMoneyView.swift */,
				28D7E1ED2A538E2400254B84 /* Int+DollarFormat.swift */,
				28D7E1E12A537F0E00254B84 /* IAPHandler.swift */,
				28D7E1DB2A536AB100254B84 /* Model.swift */,
				28D7E1D52A53590300254B84 /* CardView.swift */,
				28D7E1D92A5367F400254B84 /* CornerRadius.swift */,
				28D7E1D32A5357FC00254B84 /* ContactStore.swift */,
				28D7E1D12A53548900254B84 /* FriendsList.swift */,
				28D7E1C62A5341DA00254B84 /* Selector.swift */,
				28D7E1C82A5347CB00254B84 /* RankList.swift */,
				28D7E1D72A535B4C00254B84 /* PhotoBackground.swift */,
				28D7E1CF2A5351CC00254B84 /* View+EdgeShadow.swift */,
				28D7E1BA2A533EB700254B84 /* WLButtonStyle.swift */,
				28D7E1E32A538CD100254B84 /* LoadingView.swift */,
				28D7E1E52A538CE300254B84 /* LottieView.swift */,
				28D7E1C22A53407700254B84 /* Colors.swift */,
				28D7E1BC2A533EF500254B84 /* Fonts.swift */,
				28D7E1B72A533AF100254B84 /* Models */,
				28B254202A4E910F00C9C914 /* Assets.xcassets */,
				28D7E1BE2A533F0A00254B84 /* Assets */,
				28B254222A4E910F00C9C914 /* Preview Content */,
			);
			path = WealthLeaderboard;
			sourceTree = "<group>";
		};
		28B254222A4E910F00C9C914 /* Preview Content */ = {
			isa = PBXGroup;
			children = (
				28B254232A4E910F00C9C914 /* Preview Assets.xcassets */,
			);
			path = "Preview Content";
			sourceTree = "<group>";
		};
		28D7E1B72A533AF100254B84 /* Models */ = {
			isa = PBXGroup;
			children = (
				28D7E1B82A533B1200254B84 /* User.swift */,
			);
			path = Models;
			sourceTree = "<group>";
		};
		28D7E1BE2A533F0A00254B84 /* Assets */ = {
			isa = PBXGroup;
			children = (
				28D7E1BF2A533F2D00254B84 /* LabGrotesque-Medium.ttf */,
				28D7E1CD2A534C2300254B84 /* satoshi.otf */,
				28D7E1EB2A538D7100254B84 /* loading.json */,
			);
			path = Assets;
			sourceTree = "<group>";
		};
/* End PBXGroup section */

/* Begin PBXNativeTarget section */
		28B254182A4E910E00C9C914 /* WealthLeaderboard */ = {
			isa = PBXNativeTarget;
			buildConfigurationList = 28B254272A4E910F00C9C914 /* Build configuration list for PBXNativeTarget "WealthLeaderboard" */;
			buildPhases = (
				28B254152A4E910E00C9C914 /* Sources */,
				28B254162A4E910E00C9C914 /* Frameworks */,
				28B254172A4E910E00C9C914 /* Resources */,
			);
			buildRules = (
			);
			dependencies = (
			);
			name = WealthLeaderboard;
			packageProductDependencies = (
				28D7E1CB2A5349F400254B84 /* Kingfisher */,
				28D7E1E82A538D5900254B84 /* Lottie */,
				2801693C2A71A96C009D800E /* LinkKit */,
				280169472A773606009D800E /* SwizzleStorage */,
			);
			productName = WealthLeaderboard;
			productReference = 28B254192A4E910E00C9C914 /* WealthLeaderboard.app */;
			productType = "com.apple.product-type.application";
		};
/* End PBXNativeTarget section */

/* Begin PBXProject section */
		28B254112A4E910E00C9C914 /* Project object */ = {
			isa = PBXProject;
			attributes = {
				BuildIndependentTargetsInParallel = 1;
				LastSwiftUpdateCheck = 1430;
				LastUpgradeCheck = 1430;
				TargetAttributes = {
					28B254182A4E910E00C9C914 = {
						CreatedOnToolsVersion = 14.3.1;
					};
				};
			};
			buildConfigurationList = 28B254142A4E910E00C9C914 /* Build configuration list for PBXProject "WealthLeaderboard" */;
			compatibilityVersion = "Xcode 14.0";
			developmentRegion = en;
			hasScannedForEncodings = 0;
			knownRegions = (
				en,
				Base,
			);
			mainGroup = 28B254102A4E910E00C9C914;
			packageReferences = (
				28D7E1CA2A5349F400254B84 /* XCRemoteSwiftPackageReference "Kingfisher" */,
				28D7E1E72A538D5900254B84 /* XCRemoteSwiftPackageReference "lottie-ios" */,
				2801693B2A71A96C009D800E /* XCRemoteSwiftPackageReference "plaid-link-ios" */,
				280169462A773605009D800E /* XCRemoteSwiftPackageReference "SwizzleSwift" */,
			);
			productRefGroup = 28B2541A2A4E910E00C9C914 /* Products */;
			projectDirPath = "";
			projectRoot = "";
			targets = (
				28B254182A4E910E00C9C914 /* WealthLeaderboard */,
			);
		};
/* End PBXProject section */

/* Begin PBXResourcesBuildPhase section */
		28B254172A4E910E00C9C914 /* Resources */ = {
			isa = PBXResourcesBuildPhase;
			buildActionMask = 2147483647;
			files = (
				28D7E1C02A533F2D00254B84 /* LabGrotesque-Medium.ttf in Resources */,
				28D7E1CE2A534C2300254B84 /* satoshi.otf in Resources */,
				28B254242A4E910F00C9C914 /* Preview Assets.xcassets in Resources */,
				28B254212A4E910F00C9C914 /* Assets.xcassets in Resources */,
				28D7E1EC2A538D7100254B84 /* loading.json in Resources */,
			);
			runOnlyForDeploymentPostprocessing = 0;
		};
/* End PBXResourcesBuildPhase section */

/* Begin PBXSourcesBuildPhase section */
		28B254152A4E910E00C9C914 /* Sources */ = {
			isa = PBXSourcesBuildPhase;
			buildActionMask = 2147483647;
			files = (
				28D7E1DC2A536AB100254B84 /* Model.swift in Sources */,
				28D7E1EE2A538E2400254B84 /* Int+DollarFormat.swift in Sources */,
				28B2541F2A4E910E00C9C914 /* ContentView.swift in Sources */,
				28D7E1D22A53548900254B84 /* FriendsList.swift in Sources */,
				28D7E1E22A537F0E00254B84 /* IAPHandler.swift in Sources */,
				28D7E1C92A5347CB00254B84 /* RankList.swift in Sources */,
				28D7E1C32A53407700254B84 /* Colors.swift in Sources */,
				28D7E1BD2A533EF500254B84 /* Fonts.swift in Sources */,
				28D7E1E62A538CE300254B84 /* LottieView.swift in Sources */,
				28B2541D2A4E910E00C9C914 /* WealthLeaderboardApp.swift in Sources */,
				28D7E1BB2A533EB700254B84 /* WLButtonStyle.swift in Sources */,
				28D7E1D02A5351CC00254B84 /* View+EdgeShadow.swift in Sources */,
				28D7E1DA2A5367F400254B84 /* CornerRadius.swift in Sources */,
				28D7E1E02A537AD200254B84 /* RowButtonStyle.swift in Sources */,
				28D7E1D42A5357FC00254B84 /* ContactStore.swift in Sources */,
				28D7E1B92A533B1200254B84 /* User.swift in Sources */,
				28D7E1D62A53590300254B84 /* CardView.swift in Sources */,
				28D7E1DE2A5379E800254B84 /* SeeMoneyView.swift in Sources */,
				28D7E1D82A535B4C00254B84 /* PhotoBackground.swift in Sources */,
				28D7E1E42A538CD100254B84 /* LoadingView.swift in Sources */,
				28D7E1C72A5341DA00254B84 /* Selector.swift in Sources */,
			);
			runOnlyForDeploymentPostprocessing = 0;
		};
/* End PBXSourcesBuildPhase section */

/* Begin XCBuildConfiguration section */
		28B254252A4E910F00C9C914 /* Debug */ = {
			isa = XCBuildConfiguration;
			buildSettings = {
				ALWAYS_SEARCH_USER_PATHS = NO;
				CLANG_ANALYZER_NONNULL = YES;
				CLANG_ANALYZER_NUMBER_OBJECT_CONVERSION = YES_AGGRESSIVE;
				CLANG_CXX_LANGUAGE_STANDARD = "gnu++20";
				CLANG_ENABLE_MODULES = YES;
				CLANG_ENABLE_OBJC_ARC = YES;
				CLANG_ENABLE_OBJC_WEAK = YES;
				CLANG_WARN_BLOCK_CAPTURE_AUTORELEASING = YES;
				CLANG_WARN_BOOL_CONVERSION = YES;
				CLANG_WARN_COMMA = YES;
				CLANG_WARN_CONSTANT_CONVERSION = YES;
				CLANG_WARN_DEPRECATED_OBJC_IMPLEMENTATIONS = YES;
				CLANG_WARN_DIRECT_OBJC_ISA_USAGE = YES_ERROR;
				CLANG_WARN_DOCUMENTATION_COMMENTS = YES;
				CLANG_WARN_EMPTY_BODY = YES;
				CLANG_WARN_ENUM_CONVERSION = YES;
				CLANG_WARN_INFINITE_RECURSION = YES;
				CLANG_WARN_INT_CONVERSION = YES;
				CLANG_WARN_NON_LITERAL_NULL_CONVERSION = YES;
				CLANG_WARN_OBJC_IMPLICIT_RETAIN_SELF = YES;
				CLANG_WARN_OBJC_LITERAL_CONVERSION = YES;
				CLANG_WARN_OBJC_ROOT_CLASS = YES_ERROR;
				CLANG_WARN_QUOTED_INCLUDE_IN_FRAMEWORK_HEADER = YES;
				CLANG_WARN_RANGE_LOOP_ANALYSIS = YES;
				CLANG_WARN_STRICT_PROTOTYPES = YES;
				CLANG_WARN_SUSPICIOUS_MOVE = YES;
				CLANG_WARN_UNGUARDED_AVAILABILITY = YES_AGGRESSIVE;
				CLANG_WARN_UNREACHABLE_CODE = YES;
				CLANG_WARN__DUPLICATE_METHOD_MATCH = YES;
				COPY_PHASE_STRIP = NO;
				DEBUG_INFORMATION_FORMAT = dwarf;
				ENABLE_STRICT_OBJC_MSGSEND = YES;
				ENABLE_TESTABILITY = YES;
				GCC_C_LANGUAGE_STANDARD = gnu11;
				GCC_DYNAMIC_NO_PIC = NO;
				GCC_NO_COMMON_BLOCKS = YES;
				GCC_OPTIMIZATION_LEVEL = 0;
				GCC_PREPROCESSOR_DEFINITIONS = (
					"DEBUG=1",
					"$(inherited)",
				);
				GCC_WARN_64_TO_32_BIT_CONVERSION = YES;
				GCC_WARN_ABOUT_RETURN_TYPE = YES_ERROR;
				GCC_WARN_UNDECLARED_SELECTOR = YES;
				GCC_WARN_UNINITIALIZED_AUTOS = YES_AGGRESSIVE;
				GCC_WARN_UNUSED_FUNCTION = YES;
				GCC_WARN_UNUSED_VARIABLE = YES;
				IPHONEOS_DEPLOYMENT_TARGET = 16.4;
				MTL_ENABLE_DEBUG_INFO = INCLUDE_SOURCE;
				MTL_FAST_MATH = YES;
				ONLY_ACTIVE_ARCH = YES;
				SDKROOT = iphoneos;
				SWIFT_ACTIVE_COMPILATION_CONDITIONS = DEBUG;
				SWIFT_OPTIMIZATION_LEVEL = "-Onone";
			};
			name = Debug;
		};
		28B254262A4E910F00C9C914 /* Release */ = {
			isa = XCBuildConfiguration;
			buildSettings = {
				ALWAYS_SEARCH_USER_PATHS = NO;
				CLANG_ANALYZER_NONNULL = YES;
				CLANG_ANALYZER_NUMBER_OBJECT_CONVERSION = YES_AGGRESSIVE;
				CLANG_CXX_LANGUAGE_STANDARD = "gnu++20";
				CLANG_ENABLE_MODULES = YES;
				CLANG_ENABLE_OBJC_ARC = YES;
				CLANG_ENABLE_OBJC_WEAK = YES;
				CLANG_WARN_BLOCK_CAPTURE_AUTORELEASING = YES;
				CLANG_WARN_BOOL_CONVERSION = YES;
				CLANG_WARN_COMMA = YES;
				CLANG_WARN_CONSTANT_CONVERSION = YES;
				CLANG_WARN_DEPRECATED_OBJC_IMPLEMENTATIONS = YES;
				CLANG_WARN_DIRECT_OBJC_ISA_USAGE = YES_ERROR;
				CLANG_WARN_DOCUMENTATION_COMMENTS = YES;
				CLANG_WARN_EMPTY_BODY = YES;
				CLANG_WARN_ENUM_CONVERSION = YES;
				CLANG_WARN_INFINITE_RECURSION = YES;
				CLANG_WARN_INT_CONVERSION = YES;
				CLANG_WARN_NON_LITERAL_NULL_CONVERSION = YES;
				CLANG_WARN_OBJC_IMPLICIT_RETAIN_SELF = YES;
				CLANG_WARN_OBJC_LITERAL_CONVERSION = YES;
				CLANG_WARN_OBJC_ROOT_CLASS = YES_ERROR;
				CLANG_WARN_QUOTED_INCLUDE_IN_FRAMEWORK_HEADER = YES;
				CLANG_WARN_RANGE_LOOP_ANALYSIS = YES;
				CLANG_WARN_STRICT_PROTOTYPES = YES;
				CLANG_WARN_SUSPICIOUS_MOVE = YES;
				CLANG_WARN_UNGUARDED_AVAILABILITY = YES_AGGRESSIVE;
				CLANG_WARN_UNREACHABLE_CODE = YES;
				CLANG_WARN__DUPLICATE_METHOD_MATCH = YES;
				COPY_PHASE_STRIP = NO;
				DEBUG_INFORMATION_FORMAT = "dwarf-with-dsym";
				ENABLE_NS_ASSERTIONS = NO;
				ENABLE_STRICT_OBJC_MSGSEND = YES;
				GCC_C_LANGUAGE_STANDARD = gnu11;
				GCC_NO_COMMON_BLOCKS = YES;
				GCC_WARN_64_TO_32_BIT_CONVERSION = YES;
				GCC_WARN_ABOUT_RETURN_TYPE = YES_ERROR;
				GCC_WARN_UNDECLARED_SELECTOR = YES;
				GCC_WARN_UNINITIALIZED_AUTOS = YES_AGGRESSIVE;
				GCC_WARN_UNUSED_FUNCTION = YES;
				GCC_WARN_UNUSED_VARIABLE = YES;
				IPHONEOS_DEPLOYMENT_TARGET = 16.4;
				MTL_ENABLE_DEBUG_INFO = NO;
				MTL_FAST_MATH = YES;
				SDKROOT = iphoneos;
				SWIFT_COMPILATION_MODE = wholemodule;
				SWIFT_OPTIMIZATION_LEVEL = "-O";
				VALIDATE_PRODUCT = YES;
			};
			name = Release;
		};
		28B254282A4E910F00C9C914 /* Debug */ = {
			isa = XCBuildConfiguration;
			buildSettings = {
				ASSETCATALOG_COMPILER_APPICON_NAME = AppIcon;
				ASSETCATALOG_COMPILER_GLOBAL_ACCENT_COLOR_NAME = AccentColor;
				CODE_SIGN_STYLE = Automatic;
				CURRENT_PROJECT_VERSION = 1;
				DEVELOPMENT_ASSET_PATHS = "\"WealthLeaderboard/Preview Content\"";
				DEVELOPMENT_TEAM = KQL293U4M5;
				ENABLE_PREVIEWS = YES;
				GENERATE_INFOPLIST_FILE = YES;
				INFOPLIST_FILE = WealthLeaderboard/Info.plist;
				INFOPLIST_KEY_NSContactsUsageDescription = "Enable contacts to see which of your friends are on Wealth Leaderboard and where you rank amongst them.";
				INFOPLIST_KEY_UIApplicationSceneManifest_Generation = YES;
				INFOPLIST_KEY_UIApplicationSupportsIndirectInputEvents = YES;
				INFOPLIST_KEY_UILaunchScreen_Generation = YES;
				INFOPLIST_KEY_UISupportedInterfaceOrientations = UIInterfaceOrientationPortrait;
				INFOPLIST_KEY_UISupportedInterfaceOrientations_iPad = "UIInterfaceOrientationLandscapeLeft UIInterfaceOrientationLandscapeRight UIInterfaceOrientationPortrait UIInterfaceOrientationPortraitUpsideDown";
				LD_RUNPATH_SEARCH_PATHS = (
					"$(inherited)",
					"@executable_path/Frameworks",
				);
				MARKETING_VERSION = 1.0;
				PRODUCT_BUNDLE_IDENTIFIER = uk.co.wealthleaderboard.app;
				PRODUCT_NAME = "$(TARGET_NAME)";
				SUPPORTED_PLATFORMS = "iphoneos iphonesimulator";
				SUPPORTS_MACCATALYST = NO;
				SUPPORTS_MAC_DESIGNED_FOR_IPHONE_IPAD = NO;
				SWIFT_EMIT_LOC_STRINGS = YES;
				SWIFT_VERSION = 5.0;
				TARGETED_DEVICE_FAMILY = 1;
			};
			name = Debug;
		};
		28B254292A4E910F00C9C914 /* Release */ = {
			isa = XCBuildConfiguration;
			buildSettings = {
				ASSETCATALOG_COMPILER_APPICON_NAME = AppIcon;
				ASSETCATALOG_COMPILER_GLOBAL_ACCENT_COLOR_NAME = AccentColor;
				CODE_SIGN_STYLE = Automatic;
				CURRENT_PROJECT_VERSION = 1;
				DEVELOPMENT_ASSET_PATHS = "\"WealthLeaderboard/Preview Content\"";
				DEVELOPMENT_TEAM = KQL293U4M5;
				ENABLE_PREVIEWS = YES;
				GENERATE_INFOPLIST_FILE = YES;
				INFOPLIST_FILE = WealthLeaderboard/Info.plist;
				INFOPLIST_KEY_NSContactsUsageDescription = "Enable contacts to see which of your friends are on Wealth Leaderboard and where you rank amongst them.";
				INFOPLIST_KEY_UIApplicationSceneManifest_Generation = YES;
				INFOPLIST_KEY_UIApplicationSupportsIndirectInputEvents = YES;
				INFOPLIST_KEY_UILaunchScreen_Generation = YES;
				INFOPLIST_KEY_UISupportedInterfaceOrientations = UIInterfaceOrientationPortrait;
				INFOPLIST_KEY_UISupportedInterfaceOrientations_iPad = "UIInterfaceOrientationLandscapeLeft UIInterfaceOrientationLandscapeRight UIInterfaceOrientationPortrait UIInterfaceOrientationPortraitUpsideDown";
				LD_RUNPATH_SEARCH_PATHS = (
					"$(inherited)",
					"@executable_path/Frameworks",
				);
				MARKETING_VERSION = 1.0;
				PRODUCT_BUNDLE_IDENTIFIER = uk.co.wealthleaderboard.app;
				PRODUCT_NAME = "$(TARGET_NAME)";
				SUPPORTED_PLATFORMS = "iphoneos iphonesimulator";
				SUPPORTS_MACCATALYST = NO;
				SUPPORTS_MAC_DESIGNED_FOR_IPHONE_IPAD = NO;
				SWIFT_EMIT_LOC_STRINGS = YES;
				SWIFT_VERSION = 5.0;
				TARGETED_DEVICE_FAMILY = 1;
			};
			name = Release;
		};
/* End XCBuildConfiguration section */

/* Begin XCConfigurationList section */
		28B254142A4E910E00C9C914 /* Build configuration list for PBXProject "WealthLeaderboard" */ = {
			isa = XCConfigurationList;
			buildConfigurations = (
				28B254252A4E910F00C9C914 /* Debug */,
				28B254262A4E910F00C9C914 /* Release */,
			);
			defaultConfigurationIsVisible = 0;
			defaultConfigurationName = Release;
		};
		28B254272A4E910F00C9C914 /* Build configuration list for PBXNativeTarget "WealthLeaderboard" */ = {
			isa = XCConfigurationList;
			buildConfigurations = (
				28B254282A4E910F00C9C914 /* Debug */,
				28B254292A4E910F00C9C914 /* Release */,
			);
			defaultConfigurationIsVisible = 0;
			defaultConfigurationName = Release;
		};
/* End XCConfigurationList section */

/* Begin XCRemoteSwiftPackageReference section */
		2801693B2A71A96C009D800E /* XCRemoteSwiftPackageReference "plaid-link-ios" */ = {
			isa = XCRemoteSwiftPackageReference;
			repositoryURL = "https://github.com/plaid/plaid-link-ios";
			requirement = {
				kind = upToNextMajorVersion;
				minimumVersion = 4.0.0;
			};
		};
		280169462A773605009D800E /* XCRemoteSwiftPackageReference "SwizzleSwift" */ = {
			isa = XCRemoteSwiftPackageReference;
			repositoryURL = "https://github.com/Lucky-Technology-Corporation/SwizzleSwift";
			requirement = {
				branch = main;
				kind = branch;
			};
		};
		28D7E1CA2A5349F400254B84 /* XCRemoteSwiftPackageReference "Kingfisher" */ = {
			isa = XCRemoteSwiftPackageReference;
			repositoryURL = "https://github.com/onevcat/Kingfisher";
			requirement = {
				kind = upToNextMajorVersion;
				minimumVersion = 7.0.0;
			};
		};
		28D7E1E72A538D5900254B84 /* XCRemoteSwiftPackageReference "lottie-ios" */ = {
			isa = XCRemoteSwiftPackageReference;
			repositoryURL = "https://github.com/airbnb/lottie-ios";
			requirement = {
				kind = upToNextMajorVersion;
				minimumVersion = 4.0.0;
			};
		};
/* End XCRemoteSwiftPackageReference section */

/* Begin XCSwiftPackageProductDependency section */
		2801693C2A71A96C009D800E /* LinkKit */ = {
			isa = XCSwiftPackageProductDependency;
			package = 2801693B2A71A96C009D800E /* XCRemoteSwiftPackageReference "plaid-link-ios" */;
			productName = LinkKit;
		};
		280169472A773606009D800E /* SwizzleStorage */ = {
			isa = XCSwiftPackageProductDependency;
			package = 280169462A773605009D800E /* XCRemoteSwiftPackageReference "SwizzleSwift" */;
			productName = SwizzleStorage;
		};
		28D7E1CB2A5349F400254B84 /* Kingfisher */ = {
			isa = XCSwiftPackageProductDependency;
			package = 28D7E1CA2A5349F400254B84 /* XCRemoteSwiftPackageReference "Kingfisher" */;
			productName = Kingfisher;
		};
		28D7E1E82A538D5900254B84 /* Lottie */ = {
			isa = XCSwiftPackageProductDependency;
			package = 28D7E1E72A538D5900254B84 /* XCRemoteSwiftPackageReference "lottie-ios" */;
			productName = Lottie;
		};
/* End XCSwiftPackageProductDependency section */
	};
	rootObject = 28B254112A4E910E00C9C914 /* Project object */;
}
