{
  "pins" : [
    {
      "identity" : "kingfisher",
      "kind" : "remoteSourceControl",
      "location" : "https://github.com/onevcat/Kingfisher",
      "state" : {
        "revision" : "c75584ac759cbb16b204d0a7de3ebf53ea6b304d",
        "version" : "7.9.0"
      }
    },
    {
      "identity" : "lottie-ios",
      "kind" : "remoteSourceControl",
      "location" : "https://github.com/airbnb/lottie-ios",
      "state" : {
        "revision" : "d6feea26a370019b4d3a85f5984cb95a2734776f",
        "version" : "4.2.0"
      }
    },
    {
      "identity" : "plaid-link-ios",
      "kind" : "remoteSourceControl",
      "location" : "https://github.com/plaid/plaid-link-ios",
      "state" : {
        "revision" : "b5d0367bb2381658e8e9098621247c909fd8972f",
        "version" : "4.5.1"
      }
    },
    {
      "identity" : "screencorners",
      "kind" : "remoteSourceControl",
      "location" : "https://github.com/kylebshr/ScreenCorners",
      "state" : {
        "branch" : "main",
        "revision" : "f9ab802d820e07b33167b58ef520790c2c9bb720"
      }
    },
    {
      "identity" : "swizzleswift",
      "kind" : "remoteSourceControl",
      "location" : "https://github.com/Lucky-Technology-Corporation/SwizzleSwift",
      "state" : {
        "branch" : "main",
        "revision" : "e373796a5c2e4183c60d1aeda3fde4e95ce65ca8"
      }
    }
  ],
  "version" : 2
}
